
Microsoft Visual Studio Solution File, Format Version 12.00
# Visual Studio Version 16
VisualStudioVersion = 16.0.29102.190
MinimumVisualStudioVersion = 10.0.40219.1
Project("{FAE04EC0-301F-11D3-BF4B-00C04F79EFBC}") = "PedidosProject", "PedidosProject\PedidosProject.csproj", "{49D978E9-5128-463A-B220-C443C30FD53A}"
EndProject
Global
	GlobalSection(SolutionConfigurationPlatforms) = preSolution
		Debug|Any CPU = Debug|Any CPU
		Release|Any CPU = Release|Any CPU
	EndGlobalSection
	GlobalSection(ProjectConfigurationPlatforms) = postSolution
		{49D978E9-5128-463A-B220-C443C30FD53A}.Debug|Any CPU.ActiveCfg = Debug|Any CPU
		{49D978E9-5128-463A-B220-C443C30FD53A}.Debug|Any CPU.Build.0 = Debug|Any CPU
		{49D978E9-5128-463A-B220-C443C30FD53A}.Release|Any CPU.ActiveCfg = Release|Any CPU
		{49D978E9-5128-463A-B220-C443C30FD53A}.Release|Any CPU.Build.0 = Release|Any CPU
	EndGlobalSection
	GlobalSection(SolutionProperties) = preSolution
		HideSolutionNode = FALSE
	EndGlobalSection
	GlobalSection(ExtensibilityGlobals) = postSolution
		SolutionGuid = {9B90BC99-E2BD-4124-827B-A17AC94B5DEA}
	EndGlobalSection
EndGlobal
